
Microsoft Visual Studio Solution File, Format Version 12.00
# Visual Studio Version 17
VisualStudioVersion = 17.8.34525.116
MinimumVisualStudioVersion = 10.0.40219.1
Project("{FAE04EC0-301F-11D3-BF4B-00C04F79EFBC}") = "ComprasApp", "ComprasApp\ComprasApp.csproj", "{C08F676E-1780-4601-8C54-C7150B32A43E}"
EndProject
Global
	GlobalSection(SolutionConfigurationPlatforms) = preSolution
		Debug|Any CPU = Debug|Any CPU
		Release|Any CPU = Release|Any CPU
	EndGlobalSection
	GlobalSection(ProjectConfigurationPlatforms) = postSolution
		{C08F676E-1780-4601-8C54-C7150B32A43E}.Debug|Any CPU.ActiveCfg = Debug|Any CPU
		{C08F676E-1780-4601-8C54-C7150B32A43E}.Debug|Any CPU.Build.0 = Debug|Any CPU
		{C08F676E-1780-4601-8C54-C7150B32A43E}.Debug|Any CPU.Deploy.0 = Debug|Any CPU
		{C08F676E-1780-4601-8C54-C7150B32A43E}.Release|Any CPU.ActiveCfg = Release|Any CPU
		{C08F676E-1780-4601-8C54-C7150B32A43E}.Release|Any CPU.Build.0 = Release|Any CPU
		{C08F676E-1780-4601-8C54-C7150B32A43E}.Release|Any CPU.Deploy.0 = Release|Any CPU
	EndGlobalSection
	GlobalSection(SolutionProperties) = preSolution
		HideSolutionNode = FALSE
	EndGlobalSection
	GlobalSection(ExtensibilityGlobals) = postSolution
		SolutionGuid = {816924A9-8742-4F28-AEAF-2474A309B42D}
	EndGlobalSection
EndGlobal
